{
  "object": {
    "pins": [
      {
        "package": "Commandant",
        "repositoryURL": "https://github.com/Carthage/Commandant.git",
        "state": {
          "branch": null,
          "revision": "ab68611013dec67413628ac87c1f29e8427bc8e4",
          "version": "0.17.0"
        }
      },
      {
        "package": "CommonMark",
        "repositoryURL": "https://github.com/SwiftDocOrg/CommonMark.git",
        "state": {
          "branch": null,
          "revision": "62176a332884826997928ba578d9d322c16772fb",
          "version": "0.4.0"
        }
      },
      {
        "package": "CwlCatchException",
        "repositoryURL": "https://github.com/mattgallagher/CwlCatchException.git",
        "state": {
          "branch": null,
          "revision": "7cd2f8cacc4d22f21bc0b2309c3b18acf7957b66",
          "version": "1.2.0"
        }
      },
      {
        "package": "CwlPreconditionTesting",
        "repositoryURL": "https://github.com/mattgallagher/CwlPreconditionTesting.git",
        "state": {
          "branch": null,
          "revision": "c228db5d2ad1b01ebc84435e823e6cca4e3db98b",
          "version": "1.2.0"
        }
      },
      {
        "package": "GraphViz",
        "repositoryURL": "https://github.com/SwiftDocOrg/GraphViz.git",
        "state": {
          "branch": null,
          "revision": "c4746cb3ff6f5e7c5d5540c40b98555521c3ee43",
          "version": "0.1.3"
        }
      },
      {
        "package": "HypertextLiteral",
        "repositoryURL": "https://github.com/NSHipster/HypertextLiteral.git",
        "state": {
          "branch": null,
          "revision": "3e45da849e507d171c7264146176bb834a01be4f",
          "version": "0.0.2"
        }
      },
      {
        "package": "Komondor",
        "repositoryURL": "https://github.com/shibapm/Komondor",
        "state": {
          "branch": null,
          "revision": "855c74f395a4dc9e02828f58d931be6920bcbf6f",
          "version": "1.0.6"
        }
      },
      {
        "package": "Logger",
        "repositoryURL": "https://github.com/shibapm/Logger",
        "state": {
          "branch": null,
          "revision": "53c3ecca5abe8cf46697e33901ee774236d94cce",
          "version": "0.2.3"
        }
      },
      {
        "package": "Markup",
        "repositoryURL": "https://github.com/SwiftDocOrg/Markup.git",
        "state": {
          "branch": null,
          "revision": "029ad8c1115ab32b7c20ab52eb092fbc030deb17",
          "version": "0.0.4"
        }
      },
      {
        "package": "Nimble",
        "repositoryURL": "https://github.com/Quick/Nimble.git",
        "state": {
          "branch": null,
          "revision": "b02b00b30b6353632aa4a5fb6124f8147f7140c0",
          "version": "8.0.5"
        }
      },
      {
        "package": "OctoKit",
        "repositoryURL": "https://github.com/nerdishbynature/octokit.swift",
        "state": {
          "branch": null,
          "revision": "9521cdff919053868ab13cd08a228f7bc1bde2a9",
          "version": "0.11.0"
        }
      },
      {
        "package": "PackageConfig",
        "repositoryURL": "https://github.com/shibapm/PackageConfig.git",
        "state": {
          "branch": null,
          "revision": "bf90dc69fa0792894b08a0b74cf34029694ae486",
          "version": "0.13.0"
        }
      },
      {
        "package": "Quick",
        "repositoryURL": "https://github.com/Quick/Quick.git",
        "state": {
          "branch": null,
          "revision": "33682c2f6230c60614861dfc61df267e11a1602f",
          "version": "2.2.0"
        }
      },
      {
        "package": "RequestKit",
        "repositoryURL": "https://github.com/nerdishbynature/RequestKit.git",
        "state": {
          "branch": null,
          "revision": "fd5e9e99aada7432170366c9e95967011ce13bad",
          "version": "2.4.0"
        }
      },
      {
        "package": "Rocket",
        "repositoryURL": "https://github.com/shibapm/Rocket",
        "state": {
          "branch": null,
          "revision": "f75c9736733b489a3456b4f3a47cf13adb99f197",
          "version": "0.9.2"
        }
      },
      {
        "package": "ShellOut",
        "repositoryURL": "https://github.com/JohnSundell/ShellOut.git",
        "state": {
          "branch": null,
          "revision": "e1577acf2b6e90086d01a6d5e2b8efdaae033568",
          "version": "2.3.0"
        }
      },
      {
        "package": "SourceKitten",
        "repositoryURL": "https://github.com/jpsim/SourceKitten.git",
        "state": {
          "branch": null,
          "revision": "97b5848e5692150d75b5cf0b81d7ebef5f4d5071",
          "version": "0.28.0"
        }
      },
      {
        "package": "swift-argument-parser",
        "repositoryURL": "https://github.com/apple/swift-argument-parser.git",
        "state": {
          "branch": null,
          "revision": "223d62adc52d51669ae2ee19bdb8b7d9fd6fcd9c",
          "version": "0.0.6"
        }
      },
      {
        "package": "cmark",
        "repositoryURL": "https://github.com/SwiftDocOrg/swift-cmark.git",
        "state": {
          "branch": null,
          "revision": "9c8096a23f44794bde297452d87c455fc4f76d42",
          "version": "0.29.0+20210102.9c8096a"
        }
      },
      {
        "package": "swift-doc",
        "repositoryURL": "https://github.com/SwiftDocOrg/swift-doc",
        "state": {
          "branch": "1.0.0-beta.4",
          "revision": "581af2fe50667ed2f49c53d26b91a8feb4531302",
          "version": null
        }
      },
      {
        "package": "HTMLEntities",
        "repositoryURL": "https://github.com/IBM-Swift/swift-html-entities.git",
        "state": {
          "branch": null,
          "revision": "2b14531d0c36dbb7c1c45a4d38db9c2e7898a307",
          "version": "3.0.200"
        }
      },
      {
        "package": "swift-log",
        "repositoryURL": "https://github.com/apple/swift-log.git",
        "state": {
          "branch": null,
          "revision": "74d7b91ceebc85daf387ebb206003f78813f71aa",
          "version": "1.2.0"
        }
      },
      {
        "package": "LoggingGitHubActions",
        "repositoryURL": "https://github.com/NSHipster/swift-log-github-actions.git",
        "state": {
          "branch": null,
          "revision": "13ce1e95e5b0c5fffa7667214d42e1f316693ef5",
          "version": "0.0.1"
        }
      },
      {
        "package": "SnapshotTesting",
        "repositoryURL": "https://github.com/pointfreeco/swift-snapshot-testing.git",
        "state": {
          "branch": null,
          "revision": "12c6a7ce9d67f39a23c6bab757bdb073bd997885",
          "version": "1.7.1"
        }
      },
      {
        "package": "SwiftSyntax",
        "repositoryURL": "https://github.com/apple/swift-syntax.git",
        "state": {
          "branch": "0.50200.0",
          "revision": "0688b9cfc4c3dd234e4f55f1f056b2affc849873",
          "version": null
        }
      },
      {
        "package": "SwiftFormat",
        "repositoryURL": "https://github.com/nicklockwood/SwiftFormat",
        "state": {
          "branch": null,
          "revision": "d9b7cf39e06e89428004a767d97006fb6d293c53",
          "version": "0.43.5"
        }
      },
      {
        "package": "SwiftLint",
        "repositoryURL": "https://github.com/Realm/SwiftLint",
        "state": {
          "branch": null,
          "revision": "76d44cff391645a7f4d5ba2bf1853afaf3f5c1fb",
          "version": "0.38.2"
        }
      },
      {
        "package": "SwiftMarkup",
        "repositoryURL": "https://github.com/SwiftDocOrg/SwiftMarkup.git",
        "state": {
          "branch": null,
          "revision": "7915d17608dd32434dc8abb95156f70367f38a5a",
          "version": "0.2.1"
        }
      },
      {
        "package": "SwiftSemantics",
        "repositoryURL": "https://github.com/SwiftDocOrg/SwiftSemantics.git",
        "state": {
          "branch": null,
          "revision": "4fdc48bddbbb8311079ed111e5a4f2b92423b05c",
          "version": "0.1.0"
        }
      },
      {
        "package": "SwiftShell",
        "repositoryURL": "https://github.com/kareman/SwiftShell",
        "state": {
          "branch": null,
          "revision": "beebe43c986d89ea5359ac3adcb42dac94e5e08a",
          "version": "4.1.2"
        }
      },
      {
        "package": "SwiftSyntaxHighlighter",
        "repositoryURL": "https://github.com/NSHipster/SwiftSyntaxHighlighter.git",
        "state": {
          "branch": "1.0.0",
          "revision": "4a20d10bba17241b66650d99081801536146b43c",
          "version": null
        }
      },
      {
        "package": "SwiftyTextTable",
        "repositoryURL": "https://github.com/scottrhoyt/SwiftyTextTable.git",
        "state": {
          "branch": null,
          "revision": "c6df6cf533d120716bff38f8ff9885e1ce2a4ac3",
          "version": "0.9.0"
        }
      },
      {
        "package": "SWXMLHash",
        "repositoryURL": "https://github.com/drmohundro/SWXMLHash.git",
        "state": {
          "branch": null,
          "revision": "a4931e5c3bafbedeb1601d3bb76bbe835c6d475a",
          "version": "5.0.1"
        }
      },
      {
        "package": "Version",
        "repositoryURL": "https://github.com/mxcl/Version",
        "state": {
          "branch": null,
          "revision": "200046c93f6d5d78a6d72bfd9c0b27a95e9c0a2b",
          "version": "1.2.0"
        }
      },
      {
        "package": "Yams",
        "repositoryURL": "https://github.com/jpsim/Yams",
        "state": {
          "branch": null,
          "revision": "c947a306d2e80ecb2c0859047b35c73b8e1ca27f",
          "version": "2.0.0"
        }
      }
    ]
  },
  "version": 1
}
